// !$*UTF8*$!
{
	archiveVersion = 1;
	classes = {
	};
	objectVersion = 50;
	objects = {

/* Begin PBXBuildFile section */
		5B02EA75269F9417009A97EF /* AppDelegate.swift in Sources */ = {isa = PBXBuildFile; fileRef = 5B02EA74269F9417009A97EF /* AppDelegate.swift */; };
		5B02EA77269F9417009A97EF /* SceneDelegate.swift in Sources */ = {isa = PBXBuildFile; fileRef = 5B02EA76269F9417009A97EF /* SceneDelegate.swift */; };
		5B02EA79269F9417009A97EF /* ViewController.swift in Sources */ = {isa = PBXBuildFile; fileRef = 5B02EA78269F9417009A97EF /* ViewController.swift */; };
		5B02EA7C269F9417009A97EF /* Main.storyboard in Resources */ = {isa = PBXBuildFile; fileRef = 5B02EA7A269F9417009A97EF /* Main.storyboard */; };
		5B02EA7E269F9419009A97EF /* Assets.xcassets in Resources */ = {isa = PBXBuildFile; fileRef = 5B02EA7D269F9419009A97EF /* Assets.xcassets */; };
		5B02EA81269F9419009A97EF /* LaunchScreen.storyboard in Resources */ = {isa = PBXBuildFile; fileRef = 5B02EA7F269F9419009A97EF /* LaunchScreen.storyboard */; };
		5B02EA8C269F9419009A97EF /* PreworkTests.swift in Sources */ = {isa = PBXBuildFile; fileRef = 5B02EA8B269F9419009A97EF /* PreworkTests.swift */; };
		5B02EA97269F9419009A97EF /* PreworkUITests.swift in Sources */ = {isa = PBXBuildFile; fileRef = 5B02EA96269F9419009A97EF /* PreworkUITests.swift */; };
		5B02EAA926A296AD009A97EF /* SettingsViewController.swift in Sources */ = {isa = PBXBuildFile; fileRef = 5B02EAA826A296AD009A97EF /* SettingsViewController.swift */; };
/* End PBXBuildFile section */

/* Begin PBXContainerItemProxy section */
		5B02EA88269F9419009A97EF /* PBXContainerItemProxy */ = {
			isa = PBXContainerItemProxy;
			containerPortal = 5B02EA69269F9417009A97EF /* Project object */;
			proxyType = 1;
			remoteGlobalIDString = 5B02EA70269F9417009A97EF;
			remoteInfo = Prework;
		};
		5B02EA93269F9419009A97EF /* PBXContainerItemProxy */ = {
			isa = PBXContainerItemProxy;
			containerPortal = 5B02EA69269F9417009A97EF /* Project object */;
			proxyType = 1;
			remoteGlobalIDString = 5B02EA70269F9417009A97EF;
			remoteInfo = Prework;
		};
/* End PBXContainerItemProxy section */

/* Begin PBXFileReference section */
		5B02EA71269F9417009A97EF /* Prework.app */ = {isa = PBXFileReference; explicitFileType = wrapper.application; includeInIndex = 0; path = Prework.app; sourceTree = BUILT_PRODUCTS_DIR; };
		5B02EA74269F9417009A97EF /* AppDelegate.swift */ = {isa = PBXFileReference; lastKnownFileType = sourcecode.swift; path = AppDelegate.swift; sourceTree = "<group>"; };
		5B02EA76269F9417009A97EF /* SceneDelegate.swift */ = {isa = PBXFileReference; lastKnownFileType = sourcecode.swift; path = SceneDelegate.swift; sourceTree = "<group>"; };
		5B02EA78269F9417009A97EF /* ViewController.swift */ = {isa = PBXFileReference; lastKnownFileType = sourcecode.swift; path = ViewController.swift; sourceTree = "<group>"; };
		5B02EA7B269F9417009A97EF /* Base */ = {isa = PBXFileReference; lastKnownFileType = file.storyboard; name = Base; path = Base.lproj/Main.storyboard; sourceTree = "<group>"; };
		5B02EA7D269F9419009A97EF /* Assets.xcassets */ = {isa = PBXFileReference; lastKnownFileType = folder.assetcatalog; path = Assets.xcassets; sourceTree = "<group>"; };
		5B02EA80269F9419009A97EF /* Base */ = {isa = PBXFileReference; lastKnownFileType = file.storyboard; name = Base; path = Base.lproj/LaunchScreen.storyboard; sourceTree = "<group>"; };
		5B02EA82269F9419009A97EF /* Info.plist */ = {isa = PBXFileReference; lastKnownFileType = text.plist.xml; path = Info.plist; sourceTree = "<group>"; };
		5B02EA87269F9419009A97EF /* PreworkTests.xctest */ = {isa = PBXFileReference; explicitFileType = wrapper.cfbundle; includeInIndex = 0; path = PreworkTests.xctest; sourceTree = BUILT_PRODUCTS_DIR; };
		5B02EA8B269F9419009A97EF /* PreworkTests.swift */ = {isa = PBXFileReference; lastKnownFileType = sourcecode.swift; path = PreworkTests.swift; sourceTree = "<group>"; };
		5B02EA8D269F9419009A97EF /* Info.plist */ = {isa = PBXFileReference; lastKnownFileType = text.plist.xml; path = Info.plist; sourceTree = "<group>"; };
		5B02EA92269F9419009A97EF /* PreworkUITests.xctest */ = {isa = PBXFileReference; explicitFileType = wrapper.cfbundle; includeInIndex = 0; path = PreworkUITests.xctest; sourceTree = BUILT_PRODUCTS_DIR; };
		5B02EA96269F9419009A97EF /* PreworkUITests.swift */ = {isa = PBXFileReference; lastKnownFileType = sourcecode.swift; path = PreworkUITests.swift; sourceTree = "<group>"; };
		5B02EA98269F9419009A97EF /* Info.plist */ = {isa = PBXFileReference; lastKnownFileType = text.plist.xml; path = Info.plist; sourceTree = "<group>"; };
		5B02EAA826A296AD009A97EF /* SettingsViewController.swift */ = {isa = PBXFileReference; lastKnownFileType = sourcecode.swift; path = SettingsViewController.swift; sourceTree = "<group>"; };
/* End PBXFileReference section */

/* Begin PBXFrameworksBuildPhase section */
		5B02EA6E269F9417009A97EF /* Frameworks */ = {
			isa = PBXFrameworksBuildPhase;
			buildActionMask = 2147483647;
			files = (
			);
			runOnlyForDeploymentPostprocessing = 0;
		};
		5B02EA84269F9419009A97EF /* Frameworks */ = {
			isa = PBXFrameworksBuildPhase;
			buildActionMask = 2147483647;
			files = (
			);
			runOnlyForDeploymentPostprocessing = 0;
		};
		5B02EA8F269F9419009A97EF /* Frameworks */ = {
			isa = PBXFrameworksBuildPhase;
			buildActionMask = 2147483647;
			files = (
			);
			runOnlyForDeploymentPostprocessing = 0;
		};
/* End PBXFrameworksBuildPhase section */

/* Begin PBXGroup section */
		5B02EA68269F9417009A97EF = {
			isa = PBXGroup;
			children = (
				5B02EAA826A296AD009A97EF /* SettingsViewController.swift */,
				5B02EA73269F9417009A97EF /* Prework */,
				5B02EA8A269F9419009A97EF /* PreworkTests */,
				5B02EA95269F9419009A97EF /* PreworkUITests */,
				5B02EA72269F9417009A97EF /* Products */,
			);
			sourceTree = "<group>";
		};
		5B02EA72269F9417009A97EF /* Products */ = {
			isa = PBXGroup;
			children = (
				5B02EA71269F9417009A97EF /* Prework.app */,
				5B02EA87269F9419009A97EF /* PreworkTests.xctest */,
				5B02EA92269F9419009A97EF /* PreworkUITests.xctest */,
			);
			name = Products;
			sourceTree = "<group>";
		};
		5B02EA73269F9417009A97EF /* Prework */ = {
			isa = PBXGroup;
			children = (
				5B02EA74269F9417009A97EF /* AppDelegate.swift */,
				5B02EA76269F9417009A97EF /* SceneDelegate.swift */,
				5B02EA78269F9417009A97EF /* ViewController.swift */,
				5B02EA7A269F9417009A97EF /* Main.storyboard */,
				5B02EA7D269F9419009A97EF /* Assets.xcassets */,
				5B02EA7F269F9419009A97EF /* LaunchScreen.storyboard */,
				5B02EA82269F9419009A97EF /* Info.plist */,
			);
			path = Prework;
			sourceTree = "<group>";
		};
		5B02EA8A269F9419009A97EF /* PreworkTests */ = {
			isa = PBXGroup;
			children = (
				5B02EA8B269F9419009A97EF /* PreworkTests.swift */,
				5B02EA8D269F9419009A97EF /* Info.plist */,
			);
			path = PreworkTests;
			sourceTree = "<group>";
		};
		5B02EA95269F9419009A97EF /* PreworkUITests */ = {
			isa = PBXGroup;
			children = (
				5B02EA96269F9419009A97EF /* PreworkUITests.swift */,
				5B02EA98269F9419009A97EF /* Info.plist */,
			);
			path = PreworkUITests;
			sourceTree = "<group>";
		};
/* End PBXGroup section */

/* Begin PBXNativeTarget section */
		5B02EA70269F9417009A97EF /* Prework */ = {
			isa = PBXNativeTarget;
			buildConfigurationList = 5B02EA9B269F9419009A97EF /* Build configuration list for PBXNativeTarget "Prework" */;
			buildPhases = (
				5B02EA6D269F9417009A97EF /* Sources */,
				5B02EA6E269F9417009A97EF /* Frameworks */,
				5B02EA6F269F9417009A97EF /* Resources */,
			);
			buildRules = (
			);
			dependencies = (
			);
			name = Prework;
			productName = Prework;
			productReference = 5B02EA71269F9417009A97EF /* Prework.app */;
			productType = "com.apple.product-type.application";
		};
		5B02EA86269F9419009A97EF /* PreworkTests */ = {
			isa = PBXNativeTarget;
			buildConfigurationList = 5B02EA9E269F9419009A97EF /* Build configuration list for PBXNativeTarget "PreworkTests" */;
			buildPhases = (
				5B02EA83269F9419009A97EF /* Sources */,
				5B02EA84269F9419009A97EF /* Frameworks */,
				5B02EA85269F9419009A97EF /* Resources */,
			);
			buildRules = (
			);
			dependencies = (
				5B02EA89269F9419009A97EF /* PBXTargetDependency */,
			);
			name = PreworkTests;
			productName = PreworkTests;
			productReference = 5B02EA87269F9419009A97EF /* PreworkTests.xctest */;
			productType = "com.apple.product-type.bundle.unit-test";
		};
		5B02EA91269F9419009A97EF /* PreworkUITests */ = {
			isa = PBXNativeTarget;
			buildConfigurationList = 5B02EAA1269F9419009A97EF /* Build configuration list for PBXNativeTarget "PreworkUITests" */;
			buildPhases = (
				5B02EA8E269F9419009A97EF /* Sources */,
				5B02EA8F269F9419009A97EF /* Frameworks */,
				5B02EA90269F9419009A97EF /* Resources */,
			);
			buildRules = (
			);
			dependencies = (
				5B02EA94269F9419009A97EF /* PBXTargetDependency */,
			);
			name = PreworkUITests;
			productName = PreworkUITests;
			productReference = 5B02EA92269F9419009A97EF /* PreworkUITests.xctest */;
			productType = "com.apple.product-type.bundle.ui-testing";
		};
/* End PBXNativeTarget section */

/* Begin PBXProject section */
		5B02EA69269F9417009A97EF /* Project object */ = {
			isa = PBXProject;
			attributes = {
				LastSwiftUpdateCheck = 1250;
				LastUpgradeCheck = 1250;
				TargetAttributes = {
					5B02EA70269F9417009A97EF = {
						CreatedOnToolsVersion = 12.5.1;
					};
					5B02EA86269F9419009A97EF = {
						CreatedOnToolsVersion = 12.5.1;
						TestTargetID = 5B02EA70269F9417009A97EF;
					};
					5B02EA91269F9419009A97EF = {
						CreatedOnToolsVersion = 12.5.1;
						TestTargetID = 5B02EA70269F9417009A97EF;
					};
				};
			};
			buildConfigurationList = 5B02EA6C269F9417009A97EF /* Build configuration list for PBXProject "Prework" */;
			compatibilityVersion = "Xcode 9.3";
			developmentRegion = en;
			hasScannedForEncodings = 0;
			knownRegions = (
				en,
				Base,
			);
			mainGroup = 5B02EA68269F9417009A97EF;
			productRefGroup = 5B02EA72269F9417009A97EF /* Products */;
			projectDirPath = "";
			projectRoot = "";
			targets = (
				5B02EA70269F9417009A97EF /* Prework */,
				5B02EA86269F9419009A97EF /* PreworkTests */,
				5B02EA91269F9419009A97EF /* PreworkUITests */,
			);
		};
/* End PBXProject section */

/* Begin PBXResourcesBuildPhase section */
		5B02EA6F269F9417009A97EF /* Resources */ = {
			isa = PBXResourcesBuildPhase;
			buildActionMask = 2147483647;
			files = (
				5B02EA81269F9419009A97EF /* LaunchScreen.storyboard in Resources */,
				5B02EA7E269F9419009A97EF /* Assets.xcassets in Resources */,
				5B02EA7C269F9417009A97EF /* Main.storyboard in Resources */,
			);
			runOnlyForDeploymentPostprocessing = 0;
		};
		5B02EA85269F9419009A97EF /* Resources */ = {
			isa = PBXResourcesBuildPhase;
			buildActionMask = 2147483647;
			files = (
			);
			runOnlyForDeploymentPostprocessing = 0;
		};
		5B02EA90269F9419009A97EF /* Resources */ = {
			isa = PBXResourcesBuildPhase;
			buildActionMask = 2147483647;
			files = (
			);
			runOnlyForDeploymentPostprocessing = 0;
		};
/* End PBXResourcesBuildPhase section */

/* Begin PBXSourcesBuildPhase section */
		5B02EA6D269F9417009A97EF /* Sources */ = {
			isa = PBXSourcesBuildPhase;
			buildActionMask = 2147483647;
			files = (
				5B02EA79269F9417009A97EF /* ViewController.swift in Sources */,
				5B02EA75269F9417009A97EF /* AppDelegate.swift in Sources */,
				5B02EA77269F9417009A97EF /* SceneDelegate.swift in Sources */,
				5B02EAA926A296AD009A97EF /* SettingsViewController.swift in Sources */,
			);
			runOnlyForDeploymentPostprocessing = 0;
		};
		5B02EA83269F9419009A97EF /* Sources */ = {
			isa = PBXSourcesBuildPhase;
			buildActionMask = 2147483647;
			files = (
				5B02EA8C269F9419009A97EF /* PreworkTests.swift in Sources */,
			);
			runOnlyForDeploymentPostprocessing = 0;
		};
		5B02EA8E269F9419009A97EF /* Sources */ = {
			isa = PBXSourcesBuildPhase;
			buildActionMask = 2147483647;
			files = (
				5B02EA97269F9419009A97EF /* PreworkUITests.swift in Sources */,
			);
			runOnlyForDeploymentPostprocessing = 0;
		};
/* End PBXSourcesBuildPhase section */

/* Begin PBXTargetDependency section */
		5B02EA89269F9419009A97EF /* PBXTargetDependency */ = {
			isa = PBXTargetDependency;
			target = 5B02EA70269F9417009A97EF /* Prework */;
			targetProxy = 5B02EA88269F9419009A97EF /* PBXContainerItemProxy */;
		};
		5B02EA94269F9419009A97EF /* PBXTargetDependency */ = {
			isa = PBXTargetDependency;
			target = 5B02EA70269F9417009A97EF /* Prework */;
			targetProxy = 5B02EA93269F9419009A97EF /* PBXContainerItemProxy */;
		};
/* End PBXTargetDependency section */

/* Begin PBXVariantGroup section */
		5B02EA7A269F9417009A97EF /* Main.storyboard */ = {
			isa = PBXVariantGroup;
			children = (
				5B02EA7B269F9417009A97EF /* Base */,
			);
			name = Main.storyboard;
			sourceTree = "<group>";
		};
		5B02EA7F269F9419009A97EF /* LaunchScreen.storyboard */ = {
			isa = PBXVariantGroup;
			children = (
				5B02EA80269F9419009A97EF /* Base */,
			);
			name = LaunchScreen.storyboard;
			sourceTree = "<group>";
		};
/* End PBXVariantGroup section */

/* Begin XCBuildConfiguration section */
		5B02EA99269F9419009A97EF /* Debug */ = {
			isa = XCBuildConfiguration;
			buildSettings = {
				ALWAYS_SEARCH_USER_PATHS = NO;
				CLANG_ANALYZER_NONNULL = YES;
				CLANG_ANALYZER_NUMBER_OBJECT_CONVERSION = YES_AGGRESSIVE;
				CLANG_CXX_LANGUAGE_STANDARD = "gnu++14";
				CLANG_CXX_LIBRARY = "libc++";
				CLANG_ENABLE_MODULES = YES;
				CLANG_ENABLE_OBJC_ARC = YES;
				CLANG_ENABLE_OBJC_WEAK = YES;
				CLANG_WARN_BLOCK_CAPTURE_AUTORELEASING = YES;
				CLANG_WARN_BOOL_CONVERSION = YES;
				CLANG_WARN_COMMA = YES;
				CLANG_WARN_CONSTANT_CONVERSION = YES;
				CLANG_WARN_DEPRECATED_OBJC_IMPLEMENTATIONS = YES;
				CLANG_WARN_DIRECT_OBJC_ISA_USAGE = YES_ERROR;
				CLANG_WARN_DOCUMENTATION_COMMENTS = YES;
				CLANG_WARN_EMPTY_BODY = YES;
				CLANG_WARN_ENUM_CONVERSION = YES;
				CLANG_WARN_INFINITE_RECURSION = YES;
				CLANG_WARN_INT_CONVERSION = YES;
				CLANG_WARN_NON_LITERAL_NULL_CONVERSION = YES;
				CLANG_WARN_OBJC_IMPLICIT_RETAIN_SELF = YES;
				CLANG_WARN_OBJC_LITERAL_CONVERSION = YES;
				CLANG_WARN_OBJC_ROOT_CLASS = YES_ERROR;
				CLANG_WARN_QUOTED_INCLUDE_IN_FRAMEWORK_HEADER = YES;
				CLANG_WARN_RANGE_LOOP_ANALYSIS = YES;
				CLANG_WARN_STRICT_PROTOTYPES = YES;
				CLANG_WARN_SUSPICIOUS_MOVE = YES;
				CLANG_WARN_UNGUARDED_AVAILABILITY = YES_AGGRESSIVE;
				CLANG_WARN_UNREACHABLE_CODE = YES;
				CLANG_WARN__DUPLICATE_METHOD_MATCH = YES;
				COPY_PHASE_STRIP = NO;
				DEBUG_INFORMATION_FORMAT = dwarf;
				ENABLE_STRICT_OBJC_MSGSEND = YES;
				ENABLE_TESTABILITY = YES;
				GCC_C_LANGUAGE_STANDARD = gnu11;
				GCC_DYNAMIC_NO_PIC = NO;
				GCC_NO_COMMON_BLOCKS = YES;
				GCC_OPTIMIZATION_LEVEL = 0;
				GCC_PREPROCESSOR_DEFINITIONS = (
					"DEBUG=1",
					"$(inherited)",
				);
				GCC_WARN_64_TO_32_BIT_CONVERSION = YES;
				GCC_WARN_ABOUT_RETURN_TYPE = YES_ERROR;
				GCC_WARN_UNDECLARED_SELECTOR = YES;
				GCC_WARN_UNINITIALIZED_AUTOS = YES_AGGRESSIVE;
				GCC_WARN_UNUSED_FUNCTION = YES;
				GCC_WARN_UNUSED_VARIABLE = YES;
				IPHONEOS_DEPLOYMENT_TARGET = 14.5;
				MTL_ENABLE_DEBUG_INFO = INCLUDE_SOURCE;
				MTL_FAST_MATH = YES;
				ONLY_ACTIVE_ARCH = YES;
				SDKROOT = iphoneos;
				SWIFT_ACTIVE_COMPILATION_CONDITIONS = DEBUG;
				SWIFT_OPTIMIZATION_LEVEL = "-Onone";
			};
			name = Debug;
		};
		5B02EA9A269F9419009A97EF /* Release */ = {
			isa = XCBuildConfiguration;
			buildSettings = {
				ALWAYS_SEARCH_USER_PATHS = NO;
				CLANG_ANALYZER_NONNULL = YES;
				CLANG_ANALYZER_NUMBER_OBJECT_CONVERSION = YES_AGGRESSIVE;
				CLANG_CXX_LANGUAGE_STANDARD = "gnu++14";
				CLANG_CXX_LIBRARY = "libc++";
				CLANG_ENABLE_MODULES = YES;
				CLANG_ENABLE_OBJC_ARC = YES;
				CLANG_ENABLE_OBJC_WEAK = YES;
				CLANG_WARN_BLOCK_CAPTURE_AUTORELEASING = YES;
				CLANG_WARN_BOOL_CONVERSION = YES;
				CLANG_WARN_COMMA = YES;
				CLANG_WARN_CONSTANT_CONVERSION = YES;
				CLANG_WARN_DEPRECATED_OBJC_IMPLEMENTATIONS = YES;
				CLANG_WARN_DIRECT_OBJC_ISA_USAGE = YES_ERROR;
				CLANG_WARN_DOCUMENTATION_COMMENTS = YES;
				CLANG_WARN_EMPTY_BODY = YES;
				CLANG_WARN_ENUM_CONVERSION = YES;
				CLANG_WARN_INFINITE_RECURSION = YES;
				CLANG_WARN_INT_CONVERSION = YES;
				CLANG_WARN_NON_LITERAL_NULL_CONVERSION = YES;
				CLANG_WARN_OBJC_IMPLICIT_RETAIN_SELF = YES;
				CLANG_WARN_OBJC_LITERAL_CONVERSION = YES;
				CLANG_WARN_OBJC_ROOT_CLASS = YES_ERROR;
				CLANG_WARN_QUOTED_INCLUDE_IN_FRAMEWORK_HEADER = YES;
				CLANG_WARN_RANGE_LOOP_ANALYSIS = YES;
				CLANG_WARN_STRICT_PROTOTYPES = YES;
				CLANG_WARN_SUSPICIOUS_MOVE = YES;
				CLANG_WARN_UNGUARDED_AVAILABILITY = YES_AGGRESSIVE;
				CLANG_WARN_UNREACHABLE_CODE = YES;
				CLANG_WARN__DUPLICATE_METHOD_MATCH = YES;
				COPY_PHASE_STRIP = NO;
				DEBUG_INFORMATION_FORMAT = "dwarf-with-dsym";
				ENABLE_NS_ASSERTIONS = NO;
				ENABLE_STRICT_OBJC_MSGSEND = YES;
				GCC_C_LANGUAGE_STANDARD = gnu11;
				GCC_NO_COMMON_BLOCKS = YES;
				GCC_WARN_64_TO_32_BIT_CONVERSION = YES;
				GCC_WARN_ABOUT_RETURN_TYPE = YES_ERROR;
				GCC_WARN_UNDECLARED_SELECTOR = YES;
				GCC_WARN_UNINITIALIZED_AUTOS = YES_AGGRESSIVE;
				GCC_WARN_UNUSED_FUNCTION = YES;
				GCC_WARN_UNUSED_VARIABLE = YES;
				IPHONEOS_DEPLOYMENT_TARGET = 14.5;
				MTL_ENABLE_DEBUG_INFO = NO;
				MTL_FAST_MATH = YES;
				SDKROOT = iphoneos;
				SWIFT_COMPILATION_MODE = wholemodule;
				SWIFT_OPTIMIZATION_LEVEL = "-O";
				VALIDATE_PRODUCT = YES;
			};
			name = Release;
		};
		5B02EA9C269F9419009A97EF /* Debug */ = {
			isa = XCBuildConfiguration;
			buildSettings = {
				ASSETCATALOG_COMPILER_APPICON_NAME = AppIcon;
				ASSETCATALOG_COMPILER_GLOBAL_ACCENT_COLOR_NAME = AccentColor;
				CODE_SIGN_STYLE = Automatic;
				INFOPLIST_FILE = Prework/Info.plist;
				LD_RUNPATH_SEARCH_PATHS = (
					"$(inherited)",
					"@executable_path/Frameworks",
				);
				PRODUCT_BUNDLE_IDENTIFIER = memo.com.Prework;
				PRODUCT_NAME = "$(TARGET_NAME)";
				SWIFT_VERSION = 5.0;
				TARGETED_DEVICE_FAMILY = "1,2";
			};
			name = Debug;
		};
		5B02EA9D269F9419009A97EF /* Release */ = {
			isa = XCBuildConfiguration;
			buildSettings = {
				ASSETCATALOG_COMPILER_APPICON_NAME = AppIcon;
				ASSETCATALOG_COMPILER_GLOBAL_ACCENT_COLOR_NAME = AccentColor;
				CODE_SIGN_STYLE = Automatic;
				INFOPLIST_FILE = Prework/Info.plist;
				LD_RUNPATH_SEARCH_PATHS = (
					"$(inherited)",
					"@executable_path/Frameworks",
				);
				PRODUCT_BUNDLE_IDENTIFIER = memo.com.Prework;
				PRODUCT_NAME = "$(TARGET_NAME)";
				SWIFT_VERSION = 5.0;
				TARGETED_DEVICE_FAMILY = "1,2";
			};
			name = Release;
		};
		5B02EA9F269F9419009A97EF /* Debug */ = {
			isa = XCBuildConfiguration;
			buildSettings = {
				ALWAYS_EMBED_SWIFT_STANDARD_LIBRARIES = YES;
				BUNDLE_LOADER = "$(TEST_HOST)";
				CODE_SIGN_STYLE = Automatic;
				INFOPLIST_FILE = PreworkTests/Info.plist;
				IPHONEOS_DEPLOYMENT_TARGET = 14.5;
				LD_RUNPATH_SEARCH_PATHS = (
					"$(inherited)",
					"@executable_path/Frameworks",
					"@loader_path/Frameworks",
				);
				PRODUCT_BUNDLE_IDENTIFIER = memo.com.PreworkTests;
				PRODUCT_NAME = "$(TARGET_NAME)";
				SWIFT_VERSION = 5.0;
				TARGETED_DEVICE_FAMILY = "1,2";
				TEST_HOST = "$(BUILT_PRODUCTS_DIR)/Prework.app/Prework";
			};
			name = Debug;
		};
		5B02EAA0269F9419009A97EF /* Release */ = {
			isa = XCBuildConfiguration;
			buildSettings = {
				ALWAYS_EMBED_SWIFT_STANDARD_LIBRARIES = YES;
				BUNDLE_LOADER = "$(TEST_HOST)";
				CODE_SIGN_STYLE = Automatic;
				INFOPLIST_FILE = PreworkTests/Info.plist;
				IPHONEOS_DEPLOYMENT_TARGET = 14.5;
				LD_RUNPATH_SEARCH_PATHS = (
					"$(inherited)",
					"@executable_path/Frameworks",
					"@loader_path/Frameworks",
				);
				PRODUCT_BUNDLE_IDENTIFIER = memo.com.PreworkTests;
				PRODUCT_NAME = "$(TARGET_NAME)";
				SWIFT_VERSION = 5.0;
				TARGETED_DEVICE_FAMILY = "1,2";
				TEST_HOST = "$(BUILT_PRODUCTS_DIR)/Prework.app/Prework";
			};
			name = Release;
		};
		5B02EAA2269F9419009A97EF /* Debug */ = {
			isa = XCBuildConfiguration;
			buildSettings = {
				ALWAYS_EMBED_SWIFT_STANDARD_LIBRARIES = YES;
				CODE_SIGN_STYLE = Automatic;
				INFOPLIST_FILE = PreworkUITests/Info.plist;
				LD_RUNPATH_SEARCH_PATHS = (
					"$(inherited)",
					"@executable_path/Frameworks",
					"@loader_path/Frameworks",
				);
				PRODUCT_BUNDLE_IDENTIFIER = memo.com.PreworkUITests;
				PRODUCT_NAME = "$(TARGET_NAME)";
				SWIFT_VERSION = 5.0;
				TARGETED_DEVICE_FAMILY = "1,2";
				TEST_TARGET_NAME = Prework;
			};
			name = Debug;
		};
		5B02EAA3269F9419009A97EF /* Release */ = {
			isa = XCBuildConfiguration;
			buildSettings = {
				ALWAYS_EMBED_SWIFT_STANDARD_LIBRARIES = YES;
				CODE_SIGN_STYLE = Automatic;
				INFOPLIST_FILE = PreworkUITests/Info.plist;
				LD_RUNPATH_SEARCH_PATHS = (
					"$(inherited)",
					"@executable_path/Frameworks",
					"@loader_path/Frameworks",
				);
				PRODUCT_BUNDLE_IDENTIFIER = memo.com.PreworkUITests;
				PRODUCT_NAME = "$(TARGET_NAME)";
				SWIFT_VERSION = 5.0;
				TARGETED_DEVICE_FAMILY = "1,2";
				TEST_TARGET_NAME = Prework;
			};
			name = Release;
		};
/* End XCBuildConfiguration section */

/* Begin XCConfigurationList section */
		5B02EA6C269F9417009A97EF /* Build configuration list for PBXProject "Prework" */ = {
			isa = XCConfigurationList;
			buildConfigurations = (
				5B02EA99269F9419009A97EF /* Debug */,
				5B02EA9A269F9419009A97EF /* Release */,
			);
			defaultConfigurationIsVisible = 0;
			defaultConfigurationName = Release;
		};
		5B02EA9B269F9419009A97EF /* Build configuration list for PBXNativeTarget "Prework" */ = {
			isa = XCConfigurationList;
			buildConfigurations = (
				5B02EA9C269F9419009A97EF /* Debug */,
				5B02EA9D269F9419009A97EF /* Release */,
			);
			defaultConfigurationIsVisible = 0;
			defaultConfigurationName = Release;
		};
		5B02EA9E269F9419009A97EF /* Build configuration list for PBXNativeTarget "PreworkTests" */ = {
			isa = XCConfigurationList;
			buildConfigurations = (
				5B02EA9F269F9419009A97EF /* Debug */,
				5B02EAA0269F9419009A97EF /* Release */,
			);
			defaultConfigurationIsVisible = 0;
			defaultConfigurationName = Release;
		};
		5B02EAA1269F9419009A97EF /* Build configuration list for PBXNativeTarget "PreworkUITests" */ = {
			isa = XCConfigurationList;
			buildConfigurations = (
				5B02EAA2269F9419009A97EF /* Debug */,
				5B02EAA3269F9419009A97EF /* Release */,
			);
			defaultConfigurationIsVisible = 0;
			defaultConfigurationName = Release;
		};
/* End XCConfigurationList section */
	};
	rootObject = 5B02EA69269F9417009A97EF /* Project object */;
}
